
Microsoft Visual Studio Solution File, Format Version 12.00
# Visual Studio 14
VisualStudioVersion = 14.0.23107.0
MinimumVisualStudioVersion = 10.0.40219.1
Project("{8BC9CEB8-8B4A-11D0-8D11-00A0C91BC942}") = "Incredimail2ToEml", "Incredimail2ToEml.vcxproj", "{A7968551-E374-4CE9-A79F-32C5FCA82ED9}"
	ProjectSection(ProjectDependencies) = postProject
		{905F0610-535B-4933-B450-BAC9BF355700} = {905F0610-535B-4933-B450-BAC9BF355700}
	EndProjectSection
EndProject
Project("{8BC9CEB8-8B4A-11D0-8D11-00A0C91BC942}") = "sqlite", "sqlite\sqlite.vcxproj", "{905F0610-535B-4933-B450-BAC9BF355700}"
EndProject
Global
	GlobalSection(SolutionConfigurationPlatforms) = preSolution
		Debug|x64 = Debug|x64
		Debug|x86 = Debug|x86
		Release|x64 = Release|x64
		Release|x86 = Release|x86
	EndGlobalSection
	GlobalSection(ProjectConfigurationPlatforms) = postSolution
		{A7968551-E374-4CE9-A79F-32C5FCA82ED9}.Debug|x64.ActiveCfg = Debug|x64
		{A7968551-E374-4CE9-A79F-32C5FCA82ED9}.Debug|x64.Build.0 = Debug|x64
		{A7968551-E374-4CE9-A79F-32C5FCA82ED9}.Debug|x86.ActiveCfg = Debug|Win32
		{A7968551-E374-4CE9-A79F-32C5FCA82ED9}.Debug|x86.Build.0 = Debug|Win32
		{A7968551-E374-4CE9-A79F-32C5FCA82ED9}.Release|x64.ActiveCfg = Release|x64
		{A7968551-E374-4CE9-A79F-32C5FCA82ED9}.Release|x64.Build.0 = Release|x64
		{A7968551-E374-4CE9-A79F-32C5FCA82ED9}.Release|x86.ActiveCfg = Release|Win32
		{A7968551-E374-4CE9-A79F-32C5FCA82ED9}.Release|x86.Build.0 = Release|Win32
		{905F0610-535B-4933-B450-BAC9BF355700}.Debug|x64.ActiveCfg = Debug|x64
		{905F0610-535B-4933-B450-BAC9BF355700}.Debug|x64.Build.0 = Debug|x64
		{905F0610-535B-4933-B450-BAC9BF355700}.Debug|x86.ActiveCfg = Debug|Win32
		{905F0610-535B-4933-B450-BAC9BF355700}.Debug|x86.Build.0 = Debug|Win32
		{905F0610-535B-4933-B450-BAC9BF355700}.Release|x64.ActiveCfg = Release|x64
		{905F0610-535B-4933-B450-BAC9BF355700}.Release|x64.Build.0 = Release|x64
		{905F0610-535B-4933-B450-BAC9BF355700}.Release|x86.ActiveCfg = Release|Win32
		{905F0610-535B-4933-B450-BAC9BF355700}.Release|x86.Build.0 = Release|Win32
	EndGlobalSection
	GlobalSection(SolutionProperties) = preSolution
		HideSolutionNode = FALSE
	EndGlobalSection
EndGlobal
